// !$*UTF8*$!
{
	archiveVersion = 1;
	classes = {
	};
	objectVersion = 46;
	objects = {

/* Begin PBXBuildFile section */
		552910BFE4C6916BE0602C9B /* Preview Assets.xcassets in Resources */ = {isa = PBXBuildFile; fileRef = 552916D2CD298AACEFCD612D /* Preview Assets.xcassets */; };
		5529114A8EFA5BFB1DEFA7B7 /* ios_fmmUITests.swift in Sources */ = {isa = PBXBuildFile; fileRef = 55291008635A7F0BEA886776 /* ios_fmmUITests.swift */; };
		55291842B0CC9B30C32E0F89 /* LaunchScreen.storyboard in Resources */ = {isa = PBXBuildFile; fileRef = 552910CF4B92BA0C119B9E37 /* LaunchScreen.storyboard */; };
		55291B5FE4EC3640DA3FF02F /* ios_fmm.xcdatamodeld in Sources */ = {isa = PBXBuildFile; fileRef = 5529105C0254721F50AB3F2F /* ios_fmm.xcdatamodeld */; };
		55291B9C56DD911808F0FC3E /* Assets.xcassets in Resources */ = {isa = PBXBuildFile; fileRef = 5529116B78036A4B52A8E5D1 /* Assets.xcassets */; };
		55291C2488DF84CBC9E56660 /* SceneDelegate.swift in Sources */ = {isa = PBXBuildFile; fileRef = 55291BA772E5CD5AB55D6CF8 /* SceneDelegate.swift */; };
		55291C7C3C421052F5A43BB5 /* AppDelegate.swift in Sources */ = {isa = PBXBuildFile; fileRef = 55291EE0110BE83455886BC2 /* AppDelegate.swift */; };
		55291D1D8435054C60411483 /* ContentView.swift in Sources */ = {isa = PBXBuildFile; fileRef = 55291CAD85713941D87E106D /* ContentView.swift */; };
		55291F5169B294DE0E07CA76 /* ios_fmmTests.swift in Sources */ = {isa = PBXBuildFile; fileRef = 552910666110AD61813C050A /* ios_fmmTests.swift */; };
/* End PBXBuildFile section */

/* Begin PBXContainerItemProxy section */
		552912F760A5D785DCCEF9B4 /* PBXContainerItemProxy */ = {
			isa = PBXContainerItemProxy;
			containerPortal = 55291A42FC86E67CABEF0522 /* Project object */;
			proxyType = 1;
			remoteGlobalIDString = 552919C4A3BFC6CD966DEED8;
			remoteInfo = "ios-fmm";
		};
		55291D47B1C61FA805171822 /* PBXContainerItemProxy */ = {
			isa = PBXContainerItemProxy;
			containerPortal = 55291A42FC86E67CABEF0522 /* Project object */;
			proxyType = 1;
			remoteGlobalIDString = 552919C4A3BFC6CD966DEED8;
			remoteInfo = "ios-fmm";
		};
/* End PBXContainerItemProxy section */

/* Begin PBXFileReference section */
		55291008635A7F0BEA886776 /* ios_fmmUITests.swift */ = {isa = PBXFileReference; lastKnownFileType = sourcecode.swift; path = ios_fmmUITests.swift; sourceTree = "<group>"; };
		552910666110AD61813C050A /* ios_fmmTests.swift */ = {isa = PBXFileReference; lastKnownFileType = sourcecode.swift; path = ios_fmmTests.swift; sourceTree = "<group>"; };
		5529115D33A583B03D57B7C3 /* ios-fmmUITests.xctest */ = {isa = PBXFileReference; explicitFileType = wrapper.cfbundle; includeInIndex = 0; path = "ios-fmmUITests.xctest"; sourceTree = BUILT_PRODUCTS_DIR; };
		5529116B78036A4B52A8E5D1 /* Assets.xcassets */ = {isa = PBXFileReference; lastKnownFileType = folder.assetcatalog; path = Assets.xcassets; sourceTree = "<group>"; };
		55291568D987339B2D9A0B7C /* ios_fmm.xcdatamodel */ = {isa = PBXFileReference; lastKnownFileType = wrapper.xcdatamodel; path = ios_fmm.xcdatamodel; sourceTree = "<group>"; };
		552916D2CD298AACEFCD612D /* Preview Assets.xcassets */ = {isa = PBXFileReference; lastKnownFileType = folder.assetcatalog; path = "Preview Assets.xcassets"; sourceTree = "<group>"; };
		552916F22337AADC4DD6F1B2 /* ios-fmm.app */ = {isa = PBXFileReference; explicitFileType = wrapper.application; includeInIndex = 0; path = "ios-fmm.app"; sourceTree = BUILT_PRODUCTS_DIR; };
		55291B684A1CFFEABE55B0DD /* Info.plist */ = {isa = PBXFileReference; lastKnownFileType = text.plist.info; path = Info.plist; sourceTree = "<group>"; };
		55291B88724C5898EB39204C /* Base */ = {isa = PBXFileReference; lastKnownFileType = file.storyboard; name = Base; path = Base.lproj/LaunchScreen.storyboard; sourceTree = "<group>"; };
		55291BA772E5CD5AB55D6CF8 /* SceneDelegate.swift */ = {isa = PBXFileReference; lastKnownFileType = sourcecode.swift; path = SceneDelegate.swift; sourceTree = "<group>"; };
		55291CAD85713941D87E106D /* ContentView.swift */ = {isa = PBXFileReference; lastKnownFileType = sourcecode.swift; path = ContentView.swift; sourceTree = "<group>"; };
		55291D0B63357330FB0DFEE9 /* ios-fmmTests.xctest */ = {isa = PBXFileReference; explicitFileType = wrapper.cfbundle; includeInIndex = 0; path = "ios-fmmTests.xctest"; sourceTree = BUILT_PRODUCTS_DIR; };
		55291DB349DD9F3DC3EEFC13 /* Info.plist */ = {isa = PBXFileReference; lastKnownFileType = text.plist.info; path = Info.plist; sourceTree = "<group>"; };
		55291EC2F13C44256433E865 /* Info.plist */ = {isa = PBXFileReference; lastKnownFileType = text.plist.info; path = Info.plist; sourceTree = "<group>"; };
		55291EE0110BE83455886BC2 /* AppDelegate.swift */ = {isa = PBXFileReference; lastKnownFileType = sourcecode.swift; path = AppDelegate.swift; sourceTree = "<group>"; };
/* End PBXFileReference section */

/* Begin PBXFrameworksBuildPhase section */
		5529107F358E9A076B0A1352 /* Frameworks */ = {
			isa = PBXFrameworksBuildPhase;
			buildActionMask = 2147483647;
			files = (
			);
			runOnlyForDeploymentPostprocessing = 0;
		};
		55291B31EF632AAC96895520 /* Frameworks */ = {
			isa = PBXFrameworksBuildPhase;
			buildActionMask = 2147483647;
			files = (
			);
			runOnlyForDeploymentPostprocessing = 0;
		};
		55291DFFB9DD542C351A6F44 /* Frameworks */ = {
			isa = PBXFrameworksBuildPhase;
			buildActionMask = 2147483647;
			files = (
			);
			runOnlyForDeploymentPostprocessing = 0;
		};
/* End PBXFrameworksBuildPhase section */

/* Begin PBXGroup section */
		5529103EF7C1257F6582FA0F /* ios-fmm */ = {
			isa = PBXGroup;
			children = (
				55291DB349DD9F3DC3EEFC13 /* Info.plist */,
				5529116B78036A4B52A8E5D1 /* Assets.xcassets */,
				552910CF4B92BA0C119B9E37 /* LaunchScreen.storyboard */,
				55291EE0110BE83455886BC2 /* AppDelegate.swift */,
				5529105C0254721F50AB3F2F /* ios_fmm.xcdatamodeld */,
				55291BA772E5CD5AB55D6CF8 /* SceneDelegate.swift */,
				55291CAD85713941D87E106D /* ContentView.swift */,
				5529142F6A61DF95B5670F95 /* Preview Content */,
			);
			path = "ios-fmm";
			sourceTree = "<group>";
		};
		552913ABC82C7A26E2C0577B /* Products */ = {
			isa = PBXGroup;
			children = (
				552916F22337AADC4DD6F1B2 /* ios-fmm.app */,
				55291D0B63357330FB0DFEE9 /* ios-fmmTests.xctest */,
				5529115D33A583B03D57B7C3 /* ios-fmmUITests.xctest */,
			);
			name = Products;
			sourceTree = "<group>";
		};
		5529142F6A61DF95B5670F95 /* Preview Content */ = {
			isa = PBXGroup;
			children = (
				552916D2CD298AACEFCD612D /* Preview Assets.xcassets */,
			);
			path = "Preview Content";
			sourceTree = "<group>";
		};
		552917A75556C90CEB63879E = {
			isa = PBXGroup;
			children = (
				552913ABC82C7A26E2C0577B /* Products */,
				5529103EF7C1257F6582FA0F /* ios-fmm */,
				55291E6B7764E68585CE49E7 /* ios-fmmTests */,
				55291BBD02870F226D2608F0 /* ios-fmmUITests */,
			);
			sourceTree = "<group>";
		};
		55291BBD02870F226D2608F0 /* ios-fmmUITests */ = {
			isa = PBXGroup;
			children = (
				55291EC2F13C44256433E865 /* Info.plist */,
				55291008635A7F0BEA886776 /* ios_fmmUITests.swift */,
			);
			path = "ios-fmmUITests";
			sourceTree = "<group>";
		};
		55291E6B7764E68585CE49E7 /* ios-fmmTests */ = {
			isa = PBXGroup;
			children = (
				55291B684A1CFFEABE55B0DD /* Info.plist */,
				552910666110AD61813C050A /* ios_fmmTests.swift */,
			);
			path = "ios-fmmTests";
			sourceTree = "<group>";
		};
/* End PBXGroup section */

/* Begin PBXNativeTarget section */
		55291478CCDA1759529E88D5 /* ios-fmmTests */ = {
			isa = PBXNativeTarget;
			buildConfigurationList = 55291006444F6013CC4D7CB8 /* Build configuration list for PBXNativeTarget "ios-fmmTests" */;
			buildPhases = (
				5529117EF5B1644B629D8909 /* Sources */,
				5529107F358E9A076B0A1352 /* Frameworks */,
				55291A394712519762D3412B /* Resources */,
			);
			buildRules = (
			);
			dependencies = (
				5529188747184E134CD5C0E9 /* PBXTargetDependency */,
			);
			name = "ios-fmmTests";
			productName = "ios-fmmTests";
			productReference = 55291D0B63357330FB0DFEE9 /* ios-fmmTests.xctest */;
			productType = "com.apple.product-type.bundle.unit-test";
		};
		552919C4A3BFC6CD966DEED8 /* ios-fmm */ = {
			isa = PBXNativeTarget;
			buildConfigurationList = 55291E5DA53EF6FC1194DD95 /* Build configuration list for PBXNativeTarget "ios-fmm" */;
			buildPhases = (
				5529124F2019F4509022D978 /* Sources */,
				55291DFFB9DD542C351A6F44 /* Frameworks */,
				55291C494BDE1A5236642D61 /* Resources */,
			);
			buildRules = (
			);
			dependencies = (
			);
			name = "ios-fmm";
			productName = "ios-fmm";
			productReference = 552916F22337AADC4DD6F1B2 /* ios-fmm.app */;
			productType = "com.apple.product-type.application";
		};
		55291CBD5058716B8DCE19A0 /* ios-fmmUITests */ = {
			isa = PBXNativeTarget;
			buildConfigurationList = 55291CEA731E4E1ED71D466D /* Build configuration list for PBXNativeTarget "ios-fmmUITests" */;
			buildPhases = (
				55291A33CF07406C29784E96 /* Sources */,
				55291B31EF632AAC96895520 /* Frameworks */,
				5529142731BAC40557636906 /* Resources */,
			);
			buildRules = (
			);
			dependencies = (
				552913A4E0C2F96DB4A5DA5E /* PBXTargetDependency */,
			);
			name = "ios-fmmUITests";
			productName = "ios-fmmUITests";
			productReference = 5529115D33A583B03D57B7C3 /* ios-fmmUITests.xctest */;
			productType = "com.apple.product-type.bundle.ui-testing";
		};
/* End PBXNativeTarget section */

/* Begin PBXProject section */
		55291A42FC86E67CABEF0522 /* Project object */ = {
			isa = PBXProject;
			attributes = {
				ORGANIZATIONNAME = MHawk;
			};
			buildConfigurationList = 55291BD0F93C4BF87CCF1427 /* Build configuration list for PBXProject "ios-fmm" */;
			compatibilityVersion = "Xcode 3.2";
			developmentRegion = English;
			hasScannedForEncodings = 0;
			knownRegions = (
				en,
			);
			mainGroup = 552917A75556C90CEB63879E;
			productRefGroup = 552913ABC82C7A26E2C0577B /* Products */;
			projectDirPath = "";
			projectRoot = "";
			targets = (
				552919C4A3BFC6CD966DEED8 /* ios-fmm */,
				55291478CCDA1759529E88D5 /* ios-fmmTests */,
				55291CBD5058716B8DCE19A0 /* ios-fmmUITests */,
			);
		};
/* End PBXProject section */

/* Begin PBXResourcesBuildPhase section */
		5529142731BAC40557636906 /* Resources */ = {
			isa = PBXResourcesBuildPhase;
			buildActionMask = 2147483647;
			files = (
			);
			runOnlyForDeploymentPostprocessing = 0;
		};
		55291A394712519762D3412B /* Resources */ = {
			isa = PBXResourcesBuildPhase;
			buildActionMask = 2147483647;
			files = (
			);
			runOnlyForDeploymentPostprocessing = 0;
		};
		55291C494BDE1A5236642D61 /* Resources */ = {
			isa = PBXResourcesBuildPhase;
			buildActionMask = 2147483647;
			files = (
				55291B9C56DD911808F0FC3E /* Assets.xcassets in Resources */,
				55291842B0CC9B30C32E0F89 /* LaunchScreen.storyboard in Resources */,
				552910BFE4C6916BE0602C9B /* Preview Assets.xcassets in Resources */,
			);
			runOnlyForDeploymentPostprocessing = 0;
		};
/* End PBXResourcesBuildPhase section */

/* Begin PBXSourcesBuildPhase section */
		5529117EF5B1644B629D8909 /* Sources */ = {
			isa = PBXSourcesBuildPhase;
			buildActionMask = 2147483647;
			files = (
				55291F5169B294DE0E07CA76 /* ios_fmmTests.swift in Sources */,
			);
			runOnlyForDeploymentPostprocessing = 0;
		};
		5529124F2019F4509022D978 /* Sources */ = {
			isa = PBXSourcesBuildPhase;
			buildActionMask = 2147483647;
			files = (
				55291C7C3C421052F5A43BB5 /* AppDelegate.swift in Sources */,
				55291B5FE4EC3640DA3FF02F /* ios_fmm.xcdatamodeld in Sources */,
				55291C2488DF84CBC9E56660 /* SceneDelegate.swift in Sources */,
				55291D1D8435054C60411483 /* ContentView.swift in Sources */,
			);
			runOnlyForDeploymentPostprocessing = 0;
		};
		55291A33CF07406C29784E96 /* Sources */ = {
			isa = PBXSourcesBuildPhase;
			buildActionMask = 2147483647;
			files = (
				5529114A8EFA5BFB1DEFA7B7 /* ios_fmmUITests.swift in Sources */,
			);
			runOnlyForDeploymentPostprocessing = 0;
		};
/* End PBXSourcesBuildPhase section */

/* Begin PBXTargetDependency section */
		552913A4E0C2F96DB4A5DA5E /* PBXTargetDependency */ = {
			isa = PBXTargetDependency;
			target = 552919C4A3BFC6CD966DEED8 /* ios-fmm */;
			targetProxy = 552912F760A5D785DCCEF9B4 /* PBXContainerItemProxy */;
		};
		5529188747184E134CD5C0E9 /* PBXTargetDependency */ = {
			isa = PBXTargetDependency;
			target = 552919C4A3BFC6CD966DEED8 /* ios-fmm */;
			targetProxy = 55291D47B1C61FA805171822 /* PBXContainerItemProxy */;
		};
/* End PBXTargetDependency section */

/* Begin PBXVariantGroup section */
		552910CF4B92BA0C119B9E37 /* LaunchScreen.storyboard */ = {
			isa = PBXVariantGroup;
			children = (
				55291B88724C5898EB39204C /* Base */,
			);
			name = LaunchScreen.storyboard;
			sourceTree = "<group>";
		};
/* End PBXVariantGroup section */

/* Begin XCBuildConfiguration section */
		552912E47038C03181525EC9 /* Release */ = {
			isa = XCBuildConfiguration;
			buildSettings = {
				ALWAYS_SEARCH_USER_PATHS = NO;
				CLANG_ANALYZER_NONNULL = YES;
				CLANG_ANALYZER_NUMBER_OBJECT_CONVERSION = YES_AGGRESSIVE;
				CLANG_CXX_LANGUAGE_STANDARD = "gnu++14";
				CLANG_CXX_LIBRARY = "libc++";
				CLANG_ENABLE_MODULES = YES;
				CLANG_ENABLE_OBJC_ARC = YES;
				CLANG_ENABLE_OBJC_WEAK = YES;
				CLANG_WARN_BLOCK_CAPTURE_AUTORELEASING = YES;
				CLANG_WARN_BOOL_CONVERSION = YES;
				CLANG_WARN_COMMA = YES;
				CLANG_WARN_CONSTANT_CONVERSION = YES;
				CLANG_WARN_DEPRECATED_OBJC_IMPLEMENTATIONS = YES;
				CLANG_WARN_DIRECT_OBJC_ISA_USAGE = YES_ERROR;
				CLANG_WARN_DOCUMENTATION_COMMENTS = YES;
				CLANG_WARN_EMPTY_BODY = YES;
				CLANG_WARN_ENUM_CONVERSION = YES;
				CLANG_WARN_INFINITE_RECURSION = YES;
				CLANG_WARN_INT_CONVERSION = YES;
				CLANG_WARN_NON_LITERAL_NULL_CONVERSION = YES;
				CLANG_WARN_OBJC_IMPLICIT_RETAIN_SELF = YES;
				CLANG_WARN_OBJC_LITERAL_CONVERSION = YES;
				CLANG_WARN_OBJC_ROOT_CLASS = YES_ERROR;
				CLANG_WARN_RANGE_LOOP_ANALYSIS = YES;
				CLANG_WARN_STRICT_PROTOTYPES = YES;
				CLANG_WARN_SUSPICIOUS_MOVE = YES;
				CLANG_WARN_UNGUARDED_AVAILABILITY = YES_AGGRESSIVE;
				CLANG_WARN_UNREACHABLE_CODE = YES;
				CLANG_WARN__DUPLICATE_METHOD_MATCH = YES;
				COPY_PHASE_STRIP = NO;
				DEBUG_INFORMATION_FORMAT = "dwarf-with-dsym";
				ENABLE_NS_ASSERTIONS = NO;
				ENABLE_STRICT_OBJC_MSGSEND = YES;
				GCC_C_LANGUAGE_STANDARD = gnu11;
				GCC_NO_COMMON_BLOCKS = YES;
				GCC_WARN_64_TO_32_BIT_CONVERSION = YES;
				GCC_WARN_ABOUT_RETURN_TYPE = YES_ERROR;
				GCC_WARN_UNDECLARED_SELECTOR = YES;
				GCC_WARN_UNINITIALIZED_AUTOS = YES_AGGRESSIVE;
				GCC_WARN_UNUSED_FUNCTION = YES;
				GCC_WARN_UNUSED_VARIABLE = YES;
				IPHONEOS_DEPLOYMENT_TARGET = 13.6;
				MTL_ENABLE_DEBUG_INFO = NO;
				MTL_FAST_MATH = YES;
				SDKROOT = iphoneos;
				SWIFT_COMPILATION_MODE = wholemodule;
				SWIFT_OPTIMIZATION_LEVEL = "-O";
				VALIDATE_PRODUCT = YES;
			};
			name = Release;
		};
		55291451AC279B3D9ED2240E /* Debug */ = {
			isa = XCBuildConfiguration;
			buildSettings = {
				ASSETCATALOG_COMPILER_APPICON_NAME = AppIcon;
				DEVELOPMENT_ASSET_PATHS = "\"ios-fmm/Preview Content\"";
				ENABLE_PREVIEWS = YES;
				INFOPLIST_FILE = "ios-fmm/Info.plist";
				LD_RUNPATH_SEARCH_PATHS = "$(inherited) @executable_path/Frameworks";
				PRODUCT_BUNDLE_IDENTIFIER = "mhawk.ios-fmm";
				PRODUCT_NAME = "$(TARGET_NAME)";
				SWIFT_VERSION = 5.0;
				TARGETED_DEVICE_FAMILY = "1,2";
			};
			name = Debug;
		};
		55291469166703F810631890 /* Release */ = {
			isa = XCBuildConfiguration;
			buildSettings = {
				INFOPLIST_FILE = "ios-fmmUITests/Info.plist";
				LD_RUNPATH_SEARCH_PATHS = "$(inherited) @executable_path/Frameworks @loader_path/Frameworks";
				PRODUCT_BUNDLE_IDENTIFIER = "mhawk.ios-fmmUITests";
				PRODUCT_NAME = "$(TARGET_NAME)";
				SWIFT_VERSION = 5.0;
				TARGETED_DEVICE_FAMILY = "1,2";
				TEST_TARGET_NAME = "ios-fmm";
			};
			name = Release;
		};
		55291A6435BF2C1F3D67CCAA /* Release */ = {
			isa = XCBuildConfiguration;
			buildSettings = {
				ASSETCATALOG_COMPILER_APPICON_NAME = AppIcon;
				DEVELOPMENT_ASSET_PATHS = "\"ios-fmm/Preview Content\"";
				ENABLE_PREVIEWS = YES;
				INFOPLIST_FILE = "ios-fmm/Info.plist";
				LD_RUNPATH_SEARCH_PATHS = "$(inherited) @executable_path/Frameworks";
				PRODUCT_BUNDLE_IDENTIFIER = "mhawk.ios-fmm";
				PRODUCT_NAME = "$(TARGET_NAME)";
				SWIFT_VERSION = 5.0;
				TARGETED_DEVICE_FAMILY = "1,2";
			};
			name = Release;
		};
		55291AE1448D4C6E60D13BCC /* Debug */ = {
			isa = XCBuildConfiguration;
			buildSettings = {
				INFOPLIST_FILE = "ios-fmmUITests/Info.plist";
				LD_RUNPATH_SEARCH_PATHS = "$(inherited) @executable_path/Frameworks @loader_path/Frameworks";
				PRODUCT_BUNDLE_IDENTIFIER = "mhawk.ios-fmmUITests";
				PRODUCT_NAME = "$(TARGET_NAME)";
				SWIFT_VERSION = 5.0;
				TARGETED_DEVICE_FAMILY = "1,2";
				TEST_TARGET_NAME = "ios-fmm";
			};
			name = Debug;
		};
		55291B6748624205422A7F7F /* Release */ = {
			isa = XCBuildConfiguration;
			buildSettings = {
				BUNDLE_LOADER = "$(BUILT_PRODUCTS_DIR)/ios-fmm.app/ios-fmm";
				INFOPLIST_FILE = "ios-fmmTests/Info.plist";
				LD_RUNPATH_SEARCH_PATHS = "$(inherited) @executable_path/Frameworks @loader_path/Frameworks";
				PRODUCT_BUNDLE_IDENTIFIER = "mhawk.ios-fmmTests";
				PRODUCT_NAME = "$(TARGET_NAME)";
				SWIFT_VERSION = 5.0;
				TARGETED_DEVICE_FAMILY = "1,2";
				TEST_HOST = "$(BUNDLE_LOADER)";
			};
			name = Release;
		};
		55291D979B0B43A08D1EF507 /* Debug */ = {
			isa = XCBuildConfiguration;
			buildSettings = {
				ALWAYS_SEARCH_USER_PATHS = NO;
				CLANG_ANALYZER_NONNULL = YES;
				CLANG_ANALYZER_NUMBER_OBJECT_CONVERSION = YES_AGGRESSIVE;
				CLANG_CXX_LANGUAGE_STANDARD = "gnu++14";
				CLANG_CXX_LIBRARY = "libc++";
				CLANG_ENABLE_MODULES = YES;
				CLANG_ENABLE_OBJC_ARC = YES;
				CLANG_ENABLE_OBJC_WEAK = YES;
				CLANG_WARN_BLOCK_CAPTURE_AUTORELEASING = YES;
				CLANG_WARN_BOOL_CONVERSION = YES;
				CLANG_WARN_COMMA = YES;
				CLANG_WARN_CONSTANT_CONVERSION = YES;
				CLANG_WARN_DEPRECATED_OBJC_IMPLEMENTATIONS = YES;
				CLANG_WARN_DIRECT_OBJC_ISA_USAGE = YES_ERROR;
				CLANG_WARN_DOCUMENTATION_COMMENTS = YES;
				CLANG_WARN_EMPTY_BODY = YES;
				CLANG_WARN_ENUM_CONVERSION = YES;
				CLANG_WARN_INFINITE_RECURSION = YES;
				CLANG_WARN_INT_CONVERSION = YES;
				CLANG_WARN_NON_LITERAL_NULL_CONVERSION = YES;
				CLANG_WARN_OBJC_IMPLICIT_RETAIN_SELF = YES;
				CLANG_WARN_OBJC_LITERAL_CONVERSION = YES;
				CLANG_WARN_OBJC_ROOT_CLASS = YES_ERROR;
				CLANG_WARN_RANGE_LOOP_ANALYSIS = YES;
				CLANG_WARN_STRICT_PROTOTYPES = YES;
				CLANG_WARN_SUSPICIOUS_MOVE = YES;
				CLANG_WARN_UNGUARDED_AVAILABILITY = YES_AGGRESSIVE;
				CLANG_WARN_UNREACHABLE_CODE = YES;
				CLANG_WARN__DUPLICATE_METHOD_MATCH = YES;
				COPY_PHASE_STRIP = NO;
				DEBUG_INFORMATION_FORMAT = dwarf;
				ENABLE_STRICT_OBJC_MSGSEND = YES;
				ENABLE_TESTABILITY = YES;
				GCC_C_LANGUAGE_STANDARD = gnu11;
				GCC_DYNAMIC_NO_PIC = NO;
				GCC_NO_COMMON_BLOCKS = YES;
				GCC_OPTIMIZATION_LEVEL = 0;
				GCC_PREPROCESSOR_DEFINITIONS = (
					"DEBUG=1",
					"$(inherited)",
				);
				GCC_WARN_64_TO_32_BIT_CONVERSION = YES;
				GCC_WARN_ABOUT_RETURN_TYPE = YES_ERROR;
				GCC_WARN_UNDECLARED_SELECTOR = YES;
				GCC_WARN_UNINITIALIZED_AUTOS = YES_AGGRESSIVE;
				GCC_WARN_UNUSED_FUNCTION = YES;
				GCC_WARN_UNUSED_VARIABLE = YES;
				IPHONEOS_DEPLOYMENT_TARGET = 13.6;
				MTL_ENABLE_DEBUG_INFO = INCLUDE_SOURCE;
				MTL_FAST_MATH = YES;
				ONLY_ACTIVE_ARCH = YES;
				SDKROOT = iphoneos;
				SWIFT_ACTIVE_COMPILATION_CONDITIONS = DEBUG;
				SWIFT_OPTIMIZATION_LEVEL = "-Onone";
			};
			name = Debug;
		};
		55291E95CAA7636F4AD3DA0E /* Debug */ = {
			isa = XCBuildConfiguration;
			buildSettings = {
				BUNDLE_LOADER = "$(BUILT_PRODUCTS_DIR)/ios-fmm.app/ios-fmm";
				INFOPLIST_FILE = "ios-fmmTests/Info.plist";
				LD_RUNPATH_SEARCH_PATHS = "$(inherited) @executable_path/Frameworks @loader_path/Frameworks";
				PRODUCT_BUNDLE_IDENTIFIER = "mhawk.ios-fmmTests";
				PRODUCT_NAME = "$(TARGET_NAME)";
				SWIFT_VERSION = 5.0;
				TARGETED_DEVICE_FAMILY = "1,2";
				TEST_HOST = "$(BUNDLE_LOADER)";
			};
			name = Debug;
		};
/* End XCBuildConfiguration section */

/* Begin XCConfigurationList section */
		55291006444F6013CC4D7CB8 /* Build configuration list for PBXNativeTarget "ios-fmmTests" */ = {
			isa = XCConfigurationList;
			buildConfigurations = (
				55291E95CAA7636F4AD3DA0E /* Debug */,
				55291B6748624205422A7F7F /* Release */,
			);
			defaultConfigurationIsVisible = 0;
		};
		55291BD0F93C4BF87CCF1427 /* Build configuration list for PBXProject "ios-fmm" */ = {
			isa = XCConfigurationList;
			buildConfigurations = (
				55291D979B0B43A08D1EF507 /* Debug */,
				552912E47038C03181525EC9 /* Release */,
			);
			defaultConfigurationIsVisible = 0;
			defaultConfigurationName = Release;
		};
		55291CEA731E4E1ED71D466D /* Build configuration list for PBXNativeTarget "ios-fmmUITests" */ = {
			isa = XCConfigurationList;
			buildConfigurations = (
				55291AE1448D4C6E60D13BCC /* Debug */,
				55291469166703F810631890 /* Release */,
			);
			defaultConfigurationIsVisible = 0;
		};
		55291E5DA53EF6FC1194DD95 /* Build configuration list for PBXNativeTarget "ios-fmm" */ = {
			isa = XCConfigurationList;
			buildConfigurations = (
				55291451AC279B3D9ED2240E /* Debug */,
				55291A6435BF2C1F3D67CCAA /* Release */,
			);
			defaultConfigurationIsVisible = 0;
		};
/* End XCConfigurationList section */

/* Begin XCVersionGroup section */
		5529105C0254721F50AB3F2F /* ios_fmm.xcdatamodeld */ = {
			isa = XCVersionGroup;
			children = (
				55291568D987339B2D9A0B7C /* ios_fmm.xcdatamodel */,
			);
			currentVersion = 55291568D987339B2D9A0B7C /* ios_fmm.xcdatamodel */;
			path = ios_fmm.xcdatamodeld;
			sourceTree = "<group>";
			versionGroupType = wrapper.xcdatamodel;
		};
/* End XCVersionGroup section */
	};
	rootObject = 55291A42FC86E67CABEF0522 /* Project object */;
}
