<?xml version="1.0" encoding="UTF-8"?>
<Scheme
   version = "1.3">
   <BuildAction>
      <BuildActionEntries>
         <BuildActionEntry
            buildForRunning = "YES">
            <BuildableReference
               BuildableIdentifier = "primary"
               BlueprintIdentifier = "552919C4A3BFC6CD966DEED8"
               BuildableName = "ios-fmm.app"
               BlueprintName = "ios-fmm"
               ReferencedContainer = "container:ios-fmm.xcodeproj">
            </BuildableReference>
         </BuildActionEntry>
      </BuildActionEntries>
   </BuildAction>
   <LaunchAction
      useCustomWorkingDirectory = "NO"
      buildConfiguration = "Debug"
      allowLocationSimulation = "YES">
      <BuildableProductRunnable>
         <BuildableReference
            BuildableIdentifier = "primary"
            BlueprintIdentifier = "552919C4A3BFC6CD966DEED8"
            BuildableName = "ios-fmm.app"
            BlueprintName = "ios-fmm"
            ReferencedContainer = "container:ios-fmm.xcodeproj">
         </BuildableReference>
      </BuildableProductRunnable>
   </LaunchAction>
</Scheme>
